
Microsoft Visual Studio Solution File, Format Version 12.00
# Visual Studio Version 17
VisualStudioVersion = 17.3.32922.545
MinimumVisualStudioVersion = 10.0.40219.1
Project("{2150E333-8FDC-42A3-9474-1A3956D46DE8}") = "src", "src", "{9610CE9C-E284-41E0-B08D-D83A49CBB98D}"
EndProject
Project("{9A19103F-16F7-4668-BE54-9A1E7A4F7556}") = "JS.Abp.MailKitExt", "src\JS.Abp.MailKitExt\JS.Abp.MailKitExt.csproj", "{7D04604D-CE45-433F-B92E-2BB7B850A361}"
EndProject
Project("{9A19103F-16F7-4668-BE54-9A1E7A4F7556}") = "JS.AspNetCore", "src\JS.AspNetCore\JS.AspNetCore.csproj", "{43194DD1-4B07-466D-88C9-88F4B6403521}"
EndProject
Project("{9A19103F-16F7-4668-BE54-9A1E7A4F7556}") = "JS.Abp.BarCode", "src\JS.Abp.BarCode\JS.Abp.BarCode.csproj", "{B6653F30-6D7F-4DCB-A886-14431B16B2A6}"
EndProject
Project("{9A19103F-16F7-4668-BE54-9A1E7A4F7556}") = "JS.Abp.BlazorUI", "src\JS.Abp.BlazorUI\JS.Abp.BlazorUI.csproj", "{15DE58F4-7A91-492B-8AC9-349C89890B80}"
EndProject
Project("{2150E333-8FDC-42A3-9474-1A3956D46DE8}") = "test", "test", "{BB248EBB-AF5B-4D27-B187-1347E98E2BA7}"
EndProject
Project("{FAE04EC0-301F-11D3-BF4B-00C04F79EFBC}") = "JS.Abp.CachingExt.Tests", "test\JS.Abp.CachingExt.Tests\JS.Abp.CachingExt.Tests.csproj", "{A25CD4AB-913F-4178-8288-7AC15DC3A885}"
EndProject
Project("{FAE04EC0-301F-11D3-BF4B-00C04F79EFBC}") = "JS.Abp.CachingExt", "src\JS.Abp.CachingExt\JS.Abp.CachingExt.csproj", "{09A48B4A-9F61-4916-B5EE-F6B845BF2C4D}"
EndProject
Project("{FAE04EC0-301F-11D3-BF4B-00C04F79EFBC}") = "JS.Abp.RestSharp", "src\JS.Abp.RestSharp\JS.Abp.RestSharp.csproj", "{D6B36DB3-1E62-4E3D-B2E2-14AEF2A2996D}"
EndProject
Project("{FAE04EC0-301F-11D3-BF4B-00C04F79EFBC}") = "JS.Abp.RestSharp.Tests", "test\JS.Abp.RestSharp.Tests\JS.Abp.RestSharp.Tests.csproj", "{E55FE386-9C10-4435-8CC9-D36E20180325}"
EndProject
Project("{FAE04EC0-301F-11D3-BF4B-00C04F79EFBC}") = "JS.Abp.AI", "src\JS.Abp.AI\JS.Abp.AI.csproj", "{3229A776-0B22-4BA9-BBDB-28FADE3A1D57}"
EndProject
Project("{FAE04EC0-301F-11D3-BF4B-00C04F79EFBC}") = "JS.Abp.AI.DashScope", "src\JS.Abp.AI.DashScope\JS.Abp.AI.DashScope.csproj", "{D4C412E0-31DE-4F15-AD60-4E6499AD3B13}"
EndProject
Project("{FAE04EC0-301F-11D3-BF4B-00C04F79EFBC}") = "JS.Abp.AI.DashScope.Tests", "test\JS.Abp.AI.DashScope.Tests\JS.Abp.AI.DashScope.Tests.csproj", "{D1E48784-F677-47D7-8F9E-7D1AE22B1420}"
EndProject
Project("{FAE04EC0-301F-11D3-BF4B-00C04F79EFBC}") = "JS.Abp.AI.OpenAI", "src\JS.Abp.AI.OpenAI\JS.Abp.AI.OpenAI.csproj", "{AC1FEACC-DAA6-4CC6-B106-3FC7E828DFF3}"
EndProject
Project("{FAE04EC0-301F-11D3-BF4B-00C04F79EFBC}") = "JS.Abp.AI.OpenAI.Tests", "test\JS.Abp.AI.OpenAI.Tests\JS.Abp.AI.OpenAI.Tests.csproj", "{C0A42098-6858-421D-9BD3-F5FA3784C1F8}"
EndProject
Project("{FAE04EC0-301F-11D3-BF4B-00C04F79EFBC}") = "JS.Abp.FileManagement.Abstractions", "src\JS.Abp.FileManagement.Abstractions\JS.Abp.FileManagement.Abstractions.csproj", "{BCB9530D-2806-41A8-A066-7088758660FF}"
EndProject
Project("{FAE04EC0-301F-11D3-BF4B-00C04F79EFBC}") = "JS.Abp.FlexDataHub.Abstractions", "src\JS.Abp.FlexDataHub.Abstractions\JS.Abp.FlexDataHub.Abstractions.csproj", "{3F62901E-9215-4D4A-BD95-252D16EE7BA4}"
EndProject
Project("{FAE04EC0-301F-11D3-BF4B-00C04F79EFBC}") = "JS.Abp.FlexDataHub.EntityFrameworkCore.SqlServer", "src\JS.Abp.FlexDataHub.EntityFrameworkCore.SqlServer\JS.Abp.FlexDataHub.EntityFrameworkCore.SqlServer.csproj", "{0FA23FC6-C8A4-4E61-A659-08291D63794C}"
EndProject
Project("{FAE04EC0-301F-11D3-BF4B-00C04F79EFBC}") = "JS.Abp.FlexDataHub.EntityFrameworkCore.SqlServer.Tests", "test\JS.Abp.FlexDataHub.EntityFrameworkCore.SqlServer.Tests\JS.Abp.FlexDataHub.EntityFrameworkCore.SqlServer.Tests.csproj", "{1F986627-695C-49BC-A610-7772E78797B9}"
EndProject
Project("{FAE04EC0-301F-11D3-BF4B-00C04F79EFBC}") = "JS.Abp.FlexDataHub.EntityFrameworkCore.MySql", "src\JS.Abp.FlexDataHub.EntityFrameworkCore.MySql\JS.Abp.FlexDataHub.EntityFrameworkCore.MySql.csproj", "{C47C6A26-9C0A-4899-8D13-FC1663C2FA64}"
EndProject
Project("{FAE04EC0-301F-11D3-BF4B-00C04F79EFBC}") = "JS.Abp.FlexDataHub.EntityFrameworkCore.MySql.Tests", "test\JS.Abp.FlexDataHub.EntityFrameworkCore.MySql.Tests\JS.Abp.FlexDataHub.EntityFrameworkCore.MySql.Tests.csproj", "{763F6622-4DA4-4A86-BC0A-D528D52561EF}"
EndProject
Project("{FAE04EC0-301F-11D3-BF4B-00C04F79EFBC}") = "JS.Abp.FlexDataHub.EntityFrameworkCore.Oracle", "src\JS.Abp.FlexDataHub.EntityFrameworkCore.Oracle\JS.Abp.FlexDataHub.EntityFrameworkCore.Oracle.csproj", "{73C33963-8BD8-409F-9C6F-4AAC43373F2B}"
EndProject
Project("{FAE04EC0-301F-11D3-BF4B-00C04F79EFBC}") = "JS.Abp.FlexDataHub.EntityFrameworkCore.Oracle.Tests", "test\JS.Abp.FlexDataHub.EntityFrameworkCore.Oracle.Tests\JS.Abp.FlexDataHub.EntityFrameworkCore.Oracle.Tests.csproj", "{352C2C25-895B-4881-93C9-22F9B72BB28E}"
EndProject
Project("{FAE04EC0-301F-11D3-BF4B-00C04F79EFBC}") = "JS.Abp.FlexDataHub.EntityFrameworkCore.PostgreSql", "src\JS.Abp.FlexDataHub.EntityFrameworkCore.PostgreSql\JS.Abp.FlexDataHub.EntityFrameworkCore.PostgreSql.csproj", "{C0CE4423-35DF-493E-A5BD-FF4E2858E737}"
EndProject
Project("{FAE04EC0-301F-11D3-BF4B-00C04F79EFBC}") = "JS.Abp.FlexDataHub.EntityFrameworkCore.PostgreSql.Tests", "test\JS.Abp.FlexDataHub.EntityFrameworkCore.PostgreSql.Tests\JS.Abp.FlexDataHub.EntityFrameworkCore.PostgreSql.Tests.csproj", "{5263EB0C-25D7-4B50-BCF6-DC16A29055EF}"
EndProject
Project("{FAE04EC0-301F-11D3-BF4B-00C04F79EFBC}") = "JS.Abp.FlexDataHub.EntityFrameworkCore.Sqlite", "src\JS.Abp.FlexDataHub.EntityFrameworkCore.Sqlite\JS.Abp.FlexDataHub.EntityFrameworkCore.Sqlite.csproj", "{8DD9A3A6-C73C-40BF-89A2-6BC1AF27C8A5}"
EndProject
Project("{FAE04EC0-301F-11D3-BF4B-00C04F79EFBC}") = "JS.Abp.FlexDataHub.EntityFrameworkCore.Sqlite.Tests", "test\JS.Abp.FlexDataHub.EntityFrameworkCore.Sqlite.Tests\JS.Abp.FlexDataHub.EntityFrameworkCore.Sqlite.Tests.csproj", "{887EC3B7-408C-4BAC-90A5-D638F713E22E}"
EndProject
Project("{FAE04EC0-301F-11D3-BF4B-00C04F79EFBC}") = "JS.Abp.AI.Azure", "src\JS.Abp.AI.Azure\JS.Abp.AI.Azure.csproj", "{37976299-F5B6-4CF0-B9C0-D228B0674ACD}"
EndProject
Project("{FAE04EC0-301F-11D3-BF4B-00C04F79EFBC}") = "JS.Abp.AI.Azure.Tests", "test\JS.Abp.AI.Azure.Tests\JS.Abp.AI.Azure.Tests.csproj", "{DBD95138-B0B8-4280-90F0-1BF7C72C5207}"
EndProject
Project("{FAE04EC0-301F-11D3-BF4B-00C04F79EFBC}") = "JS.Abp.Http.Abstractions", "src\JS.Abp.Http.Abstractions\JS.Abp.Http.Abstractions.csproj", "{D9A5ABB5-E07E-4853-AD74-CFE24646EC5E}"
EndProject
Global
	GlobalSection(SolutionConfigurationPlatforms) = preSolution
		Debug|Any CPU = Debug|Any CPU
		Release|Any CPU = Release|Any CPU
	EndGlobalSection
	GlobalSection(ProjectConfigurationPlatforms) = postSolution
		{7D04604D-CE45-433F-B92E-2BB7B850A361}.Debug|Any CPU.ActiveCfg = Debug|Any CPU
		{7D04604D-CE45-433F-B92E-2BB7B850A361}.Debug|Any CPU.Build.0 = Debug|Any CPU
		{7D04604D-CE45-433F-B92E-2BB7B850A361}.Release|Any CPU.ActiveCfg = Release|Any CPU
		{7D04604D-CE45-433F-B92E-2BB7B850A361}.Release|Any CPU.Build.0 = Release|Any CPU
		{43194DD1-4B07-466D-88C9-88F4B6403521}.Debug|Any CPU.ActiveCfg = Debug|Any CPU
		{43194DD1-4B07-466D-88C9-88F4B6403521}.Debug|Any CPU.Build.0 = Debug|Any CPU
		{43194DD1-4B07-466D-88C9-88F4B6403521}.Release|Any CPU.ActiveCfg = Release|Any CPU
		{43194DD1-4B07-466D-88C9-88F4B6403521}.Release|Any CPU.Build.0 = Release|Any CPU
		{B6653F30-6D7F-4DCB-A886-14431B16B2A6}.Debug|Any CPU.ActiveCfg = Debug|Any CPU
		{B6653F30-6D7F-4DCB-A886-14431B16B2A6}.Debug|Any CPU.Build.0 = Debug|Any CPU
		{B6653F30-6D7F-4DCB-A886-14431B16B2A6}.Release|Any CPU.ActiveCfg = Release|Any CPU
		{B6653F30-6D7F-4DCB-A886-14431B16B2A6}.Release|Any CPU.Build.0 = Release|Any CPU
		{15DE58F4-7A91-492B-8AC9-349C89890B80}.Debug|Any CPU.ActiveCfg = Debug|Any CPU
		{15DE58F4-7A91-492B-8AC9-349C89890B80}.Debug|Any CPU.Build.0 = Debug|Any CPU
		{15DE58F4-7A91-492B-8AC9-349C89890B80}.Release|Any CPU.ActiveCfg = Release|Any CPU
		{15DE58F4-7A91-492B-8AC9-349C89890B80}.Release|Any CPU.Build.0 = Release|Any CPU
		{A25CD4AB-913F-4178-8288-7AC15DC3A885}.Debug|Any CPU.ActiveCfg = Debug|Any CPU
		{A25CD4AB-913F-4178-8288-7AC15DC3A885}.Debug|Any CPU.Build.0 = Debug|Any CPU
		{A25CD4AB-913F-4178-8288-7AC15DC3A885}.Release|Any CPU.ActiveCfg = Release|Any CPU
		{A25CD4AB-913F-4178-8288-7AC15DC3A885}.Release|Any CPU.Build.0 = Release|Any CPU
		{09A48B4A-9F61-4916-B5EE-F6B845BF2C4D}.Debug|Any CPU.ActiveCfg = Debug|Any CPU
		{09A48B4A-9F61-4916-B5EE-F6B845BF2C4D}.Debug|Any CPU.Build.0 = Debug|Any CPU
		{09A48B4A-9F61-4916-B5EE-F6B845BF2C4D}.Release|Any CPU.ActiveCfg = Release|Any CPU
		{09A48B4A-9F61-4916-B5EE-F6B845BF2C4D}.Release|Any CPU.Build.0 = Release|Any CPU
		{D6B36DB3-1E62-4E3D-B2E2-14AEF2A2996D}.Debug|Any CPU.ActiveCfg = Debug|Any CPU
		{D6B36DB3-1E62-4E3D-B2E2-14AEF2A2996D}.Debug|Any CPU.Build.0 = Debug|Any CPU
		{D6B36DB3-1E62-4E3D-B2E2-14AEF2A2996D}.Release|Any CPU.ActiveCfg = Release|Any CPU
		{D6B36DB3-1E62-4E3D-B2E2-14AEF2A2996D}.Release|Any CPU.Build.0 = Release|Any CPU
		{E55FE386-9C10-4435-8CC9-D36E20180325}.Debug|Any CPU.ActiveCfg = Debug|Any CPU
		{E55FE386-9C10-4435-8CC9-D36E20180325}.Debug|Any CPU.Build.0 = Debug|Any CPU
		{E55FE386-9C10-4435-8CC9-D36E20180325}.Release|Any CPU.ActiveCfg = Release|Any CPU
		{E55FE386-9C10-4435-8CC9-D36E20180325}.Release|Any CPU.Build.0 = Release|Any CPU
		{3229A776-0B22-4BA9-BBDB-28FADE3A1D57}.Debug|Any CPU.ActiveCfg = Debug|Any CPU
		{3229A776-0B22-4BA9-BBDB-28FADE3A1D57}.Debug|Any CPU.Build.0 = Debug|Any CPU
		{3229A776-0B22-4BA9-BBDB-28FADE3A1D57}.Release|Any CPU.ActiveCfg = Release|Any CPU
		{3229A776-0B22-4BA9-BBDB-28FADE3A1D57}.Release|Any CPU.Build.0 = Release|Any CPU
		{D4C412E0-31DE-4F15-AD60-4E6499AD3B13}.Debug|Any CPU.ActiveCfg = Debug|Any CPU
		{D4C412E0-31DE-4F15-AD60-4E6499AD3B13}.Debug|Any CPU.Build.0 = Debug|Any CPU
		{D4C412E0-31DE-4F15-AD60-4E6499AD3B13}.Release|Any CPU.ActiveCfg = Release|Any CPU
		{D4C412E0-31DE-4F15-AD60-4E6499AD3B13}.Release|Any CPU.Build.0 = Release|Any CPU
		{D1E48784-F677-47D7-8F9E-7D1AE22B1420}.Debug|Any CPU.ActiveCfg = Debug|Any CPU
		{D1E48784-F677-47D7-8F9E-7D1AE22B1420}.Debug|Any CPU.Build.0 = Debug|Any CPU
		{D1E48784-F677-47D7-8F9E-7D1AE22B1420}.Release|Any CPU.ActiveCfg = Release|Any CPU
		{D1E48784-F677-47D7-8F9E-7D1AE22B1420}.Release|Any CPU.Build.0 = Release|Any CPU
		{AC1FEACC-DAA6-4CC6-B106-3FC7E828DFF3}.Debug|Any CPU.ActiveCfg = Debug|Any CPU
		{AC1FEACC-DAA6-4CC6-B106-3FC7E828DFF3}.Debug|Any CPU.Build.0 = Debug|Any CPU
		{AC1FEACC-DAA6-4CC6-B106-3FC7E828DFF3}.Release|Any CPU.ActiveCfg = Release|Any CPU
		{AC1FEACC-DAA6-4CC6-B106-3FC7E828DFF3}.Release|Any CPU.Build.0 = Release|Any CPU
		{C0A42098-6858-421D-9BD3-F5FA3784C1F8}.Debug|Any CPU.ActiveCfg = Debug|Any CPU
		{C0A42098-6858-421D-9BD3-F5FA3784C1F8}.Debug|Any CPU.Build.0 = Debug|Any CPU
		{C0A42098-6858-421D-9BD3-F5FA3784C1F8}.Release|Any CPU.ActiveCfg = Release|Any CPU
		{C0A42098-6858-421D-9BD3-F5FA3784C1F8}.Release|Any CPU.Build.0 = Release|Any CPU
		{BCB9530D-2806-41A8-A066-7088758660FF}.Debug|Any CPU.ActiveCfg = Debug|Any CPU
		{BCB9530D-2806-41A8-A066-7088758660FF}.Debug|Any CPU.Build.0 = Debug|Any CPU
		{BCB9530D-2806-41A8-A066-7088758660FF}.Release|Any CPU.ActiveCfg = Release|Any CPU
		{BCB9530D-2806-41A8-A066-7088758660FF}.Release|Any CPU.Build.0 = Release|Any CPU
		{3F62901E-9215-4D4A-BD95-252D16EE7BA4}.Debug|Any CPU.ActiveCfg = Debug|Any CPU
		{3F62901E-9215-4D4A-BD95-252D16EE7BA4}.Debug|Any CPU.Build.0 = Debug|Any CPU
		{3F62901E-9215-4D4A-BD95-252D16EE7BA4}.Release|Any CPU.ActiveCfg = Release|Any CPU
		{3F62901E-9215-4D4A-BD95-252D16EE7BA4}.Release|Any CPU.Build.0 = Release|Any CPU
		{0FA23FC6-C8A4-4E61-A659-08291D63794C}.Debug|Any CPU.ActiveCfg = Debug|Any CPU
		{0FA23FC6-C8A4-4E61-A659-08291D63794C}.Debug|Any CPU.Build.0 = Debug|Any CPU
		{0FA23FC6-C8A4-4E61-A659-08291D63794C}.Release|Any CPU.ActiveCfg = Release|Any CPU
		{0FA23FC6-C8A4-4E61-A659-08291D63794C}.Release|Any CPU.Build.0 = Release|Any CPU
		{1F986627-695C-49BC-A610-7772E78797B9}.Debug|Any CPU.ActiveCfg = Debug|Any CPU
		{1F986627-695C-49BC-A610-7772E78797B9}.Debug|Any CPU.Build.0 = Debug|Any CPU
		{1F986627-695C-49BC-A610-7772E78797B9}.Release|Any CPU.ActiveCfg = Release|Any CPU
		{1F986627-695C-49BC-A610-7772E78797B9}.Release|Any CPU.Build.0 = Release|Any CPU
		{C47C6A26-9C0A-4899-8D13-FC1663C2FA64}.Debug|Any CPU.ActiveCfg = Debug|Any CPU
		{C47C6A26-9C0A-4899-8D13-FC1663C2FA64}.Debug|Any CPU.Build.0 = Debug|Any CPU
		{C47C6A26-9C0A-4899-8D13-FC1663C2FA64}.Release|Any CPU.ActiveCfg = Release|Any CPU
		{C47C6A26-9C0A-4899-8D13-FC1663C2FA64}.Release|Any CPU.Build.0 = Release|Any CPU
		{763F6622-4DA4-4A86-BC0A-D528D52561EF}.Debug|Any CPU.ActiveCfg = Debug|Any CPU
		{763F6622-4DA4-4A86-BC0A-D528D52561EF}.Debug|Any CPU.Build.0 = Debug|Any CPU
		{763F6622-4DA4-4A86-BC0A-D528D52561EF}.Release|Any CPU.ActiveCfg = Release|Any CPU
		{763F6622-4DA4-4A86-BC0A-D528D52561EF}.Release|Any CPU.Build.0 = Release|Any CPU
		{73C33963-8BD8-409F-9C6F-4AAC43373F2B}.Debug|Any CPU.ActiveCfg = Debug|Any CPU
		{73C33963-8BD8-409F-9C6F-4AAC43373F2B}.Debug|Any CPU.Build.0 = Debug|Any CPU
		{73C33963-8BD8-409F-9C6F-4AAC43373F2B}.Release|Any CPU.ActiveCfg = Release|Any CPU
		{73C33963-8BD8-409F-9C6F-4AAC43373F2B}.Release|Any CPU.Build.0 = Release|Any CPU
		{352C2C25-895B-4881-93C9-22F9B72BB28E}.Debug|Any CPU.ActiveCfg = Debug|Any CPU
		{352C2C25-895B-4881-93C9-22F9B72BB28E}.Debug|Any CPU.Build.0 = Debug|Any CPU
		{352C2C25-895B-4881-93C9-22F9B72BB28E}.Release|Any CPU.ActiveCfg = Release|Any CPU
		{352C2C25-895B-4881-93C9-22F9B72BB28E}.Release|Any CPU.Build.0 = Release|Any CPU
		{C0CE4423-35DF-493E-A5BD-FF4E2858E737}.Debug|Any CPU.ActiveCfg = Debug|Any CPU
		{C0CE4423-35DF-493E-A5BD-FF4E2858E737}.Debug|Any CPU.Build.0 = Debug|Any CPU
		{C0CE4423-35DF-493E-A5BD-FF4E2858E737}.Release|Any CPU.ActiveCfg = Release|Any CPU
		{C0CE4423-35DF-493E-A5BD-FF4E2858E737}.Release|Any CPU.Build.0 = Release|Any CPU
		{5263EB0C-25D7-4B50-BCF6-DC16A29055EF}.Debug|Any CPU.ActiveCfg = Debug|Any CPU
		{5263EB0C-25D7-4B50-BCF6-DC16A29055EF}.Debug|Any CPU.Build.0 = Debug|Any CPU
		{5263EB0C-25D7-4B50-BCF6-DC16A29055EF}.Release|Any CPU.ActiveCfg = Release|Any CPU
		{5263EB0C-25D7-4B50-BCF6-DC16A29055EF}.Release|Any CPU.Build.0 = Release|Any CPU
		{8DD9A3A6-C73C-40BF-89A2-6BC1AF27C8A5}.Debug|Any CPU.ActiveCfg = Debug|Any CPU
		{8DD9A3A6-C73C-40BF-89A2-6BC1AF27C8A5}.Debug|Any CPU.Build.0 = Debug|Any CPU
		{8DD9A3A6-C73C-40BF-89A2-6BC1AF27C8A5}.Release|Any CPU.ActiveCfg = Release|Any CPU
		{8DD9A3A6-C73C-40BF-89A2-6BC1AF27C8A5}.Release|Any CPU.Build.0 = Release|Any CPU
		{887EC3B7-408C-4BAC-90A5-D638F713E22E}.Debug|Any CPU.ActiveCfg = Debug|Any CPU
		{887EC3B7-408C-4BAC-90A5-D638F713E22E}.Debug|Any CPU.Build.0 = Debug|Any CPU
		{887EC3B7-408C-4BAC-90A5-D638F713E22E}.Release|Any CPU.ActiveCfg = Release|Any CPU
		{887EC3B7-408C-4BAC-90A5-D638F713E22E}.Release|Any CPU.Build.0 = Release|Any CPU
		{37976299-F5B6-4CF0-B9C0-D228B0674ACD}.Debug|Any CPU.ActiveCfg = Debug|Any CPU
		{37976299-F5B6-4CF0-B9C0-D228B0674ACD}.Debug|Any CPU.Build.0 = Debug|Any CPU
		{37976299-F5B6-4CF0-B9C0-D228B0674ACD}.Release|Any CPU.ActiveCfg = Release|Any CPU
		{37976299-F5B6-4CF0-B9C0-D228B0674ACD}.Release|Any CPU.Build.0 = Release|Any CPU
		{DBD95138-B0B8-4280-90F0-1BF7C72C5207}.Debug|Any CPU.ActiveCfg = Debug|Any CPU
		{DBD95138-B0B8-4280-90F0-1BF7C72C5207}.Debug|Any CPU.Build.0 = Debug|Any CPU
		{DBD95138-B0B8-4280-90F0-1BF7C72C5207}.Release|Any CPU.ActiveCfg = Release|Any CPU
		{DBD95138-B0B8-4280-90F0-1BF7C72C5207}.Release|Any CPU.Build.0 = Release|Any CPU
		{D9A5ABB5-E07E-4853-AD74-CFE24646EC5E}.Debug|Any CPU.ActiveCfg = Debug|Any CPU
		{D9A5ABB5-E07E-4853-AD74-CFE24646EC5E}.Debug|Any CPU.Build.0 = Debug|Any CPU
		{D9A5ABB5-E07E-4853-AD74-CFE24646EC5E}.Release|Any CPU.ActiveCfg = Release|Any CPU
		{D9A5ABB5-E07E-4853-AD74-CFE24646EC5E}.Release|Any CPU.Build.0 = Release|Any CPU
	EndGlobalSection
	GlobalSection(SolutionProperties) = preSolution
		HideSolutionNode = FALSE
	EndGlobalSection
	GlobalSection(NestedProjects) = preSolution
		{7D04604D-CE45-433F-B92E-2BB7B850A361} = {9610CE9C-E284-41E0-B08D-D83A49CBB98D}
		{43194DD1-4B07-466D-88C9-88F4B6403521} = {9610CE9C-E284-41E0-B08D-D83A49CBB98D}
		{B6653F30-6D7F-4DCB-A886-14431B16B2A6} = {9610CE9C-E284-41E0-B08D-D83A49CBB98D}
		{15DE58F4-7A91-492B-8AC9-349C89890B80} = {9610CE9C-E284-41E0-B08D-D83A49CBB98D}
		{A25CD4AB-913F-4178-8288-7AC15DC3A885} = {BB248EBB-AF5B-4D27-B187-1347E98E2BA7}
		{09A48B4A-9F61-4916-B5EE-F6B845BF2C4D} = {9610CE9C-E284-41E0-B08D-D83A49CBB98D}
		{D6B36DB3-1E62-4E3D-B2E2-14AEF2A2996D} = {9610CE9C-E284-41E0-B08D-D83A49CBB98D}
		{E55FE386-9C10-4435-8CC9-D36E20180325} = {BB248EBB-AF5B-4D27-B187-1347E98E2BA7}
		{3229A776-0B22-4BA9-BBDB-28FADE3A1D57} = {9610CE9C-E284-41E0-B08D-D83A49CBB98D}
		{D4C412E0-31DE-4F15-AD60-4E6499AD3B13} = {9610CE9C-E284-41E0-B08D-D83A49CBB98D}
		{D1E48784-F677-47D7-8F9E-7D1AE22B1420} = {BB248EBB-AF5B-4D27-B187-1347E98E2BA7}
		{AC1FEACC-DAA6-4CC6-B106-3FC7E828DFF3} = {9610CE9C-E284-41E0-B08D-D83A49CBB98D}
		{C0A42098-6858-421D-9BD3-F5FA3784C1F8} = {BB248EBB-AF5B-4D27-B187-1347E98E2BA7}
		{BCB9530D-2806-41A8-A066-7088758660FF} = {9610CE9C-E284-41E0-B08D-D83A49CBB98D}
		{3F62901E-9215-4D4A-BD95-252D16EE7BA4} = {9610CE9C-E284-41E0-B08D-D83A49CBB98D}
		{0FA23FC6-C8A4-4E61-A659-08291D63794C} = {9610CE9C-E284-41E0-B08D-D83A49CBB98D}
		{1F986627-695C-49BC-A610-7772E78797B9} = {BB248EBB-AF5B-4D27-B187-1347E98E2BA7}
		{C47C6A26-9C0A-4899-8D13-FC1663C2FA64} = {9610CE9C-E284-41E0-B08D-D83A49CBB98D}
		{763F6622-4DA4-4A86-BC0A-D528D52561EF} = {BB248EBB-AF5B-4D27-B187-1347E98E2BA7}
		{73C33963-8BD8-409F-9C6F-4AAC43373F2B} = {9610CE9C-E284-41E0-B08D-D83A49CBB98D}
		{352C2C25-895B-4881-93C9-22F9B72BB28E} = {BB248EBB-AF5B-4D27-B187-1347E98E2BA7}
		{C0CE4423-35DF-493E-A5BD-FF4E2858E737} = {9610CE9C-E284-41E0-B08D-D83A49CBB98D}
		{5263EB0C-25D7-4B50-BCF6-DC16A29055EF} = {BB248EBB-AF5B-4D27-B187-1347E98E2BA7}
		{8DD9A3A6-C73C-40BF-89A2-6BC1AF27C8A5} = {9610CE9C-E284-41E0-B08D-D83A49CBB98D}
		{887EC3B7-408C-4BAC-90A5-D638F713E22E} = {BB248EBB-AF5B-4D27-B187-1347E98E2BA7}
		{37976299-F5B6-4CF0-B9C0-D228B0674ACD} = {9610CE9C-E284-41E0-B08D-D83A49CBB98D}
		{DBD95138-B0B8-4280-90F0-1BF7C72C5207} = {BB248EBB-AF5B-4D27-B187-1347E98E2BA7}
		{D9A5ABB5-E07E-4853-AD74-CFE24646EC5E} = {9610CE9C-E284-41E0-B08D-D83A49CBB98D}
	EndGlobalSection
	GlobalSection(ExtensibilityGlobals) = postSolution
		SolutionGuid = {50C1C43C-323B-4E03-93A6-BC97CFC4801B}
	EndGlobalSection
EndGlobal
